{
  "name": "hono",
  "version": "1.0.89",
  "lockfileVersion": 3,
  "requires": true,
  "packages": {
    "": {
      "name": "hono",
      "version": "1.0.89",
      "dependencies": {
        "hono": "^2.2.5",
        "mysql": "^2.18.1"
      },
      "devDependencies": {
        "@types/mysql": "^2.15.21",
        "bun-types": "latest"
      }
    },
    "node_modules/@types/mysql": {
      "version": "2.15.21",
      "resolved": "https://registry.npmjs.org/@types/mysql/-/mysql-2.15.21.tgz",
      "integrity": "sha512-NPotx5CVful7yB+qZbWtXL2fA4e7aEHkihHLjklc6ID8aq7bhguHgeIoC1EmSNTAuCgI6ZXrjt2ZSaXnYX0EUg==",
      "dev": true,
      "dependencies": {
        "@types/node": "*"
      }
    },
    "node_modules/@types/node": {
      "version": "18.15.11",
      "resolved": "https://registry.npmjs.org/@types/node/-/node-18.15.11.tgz",
      "integrity": "sha512-E5Kwq2n4SbMzQOn6wnmBjuK9ouqlURrcZDVfbo9ftDDTFt3nk7ZKK4GMOzoYgnpQJKcxwQw+lGaBvvlMo0qN/Q==",
      "dev": true
    },
    "node_modules/bignumber.js": {
      "version": "9.0.0",
      "license": "MIT",
      "engines": {
        "node": "*"
      }
    },
    "node_modules/bun-types": {
      "version": "0.5.8",
      "resolved": "https://registry.npmjs.org/bun-types/-/bun-types-0.5.8.tgz",
      "integrity": "sha512-VHwD0MAHo3wraYAeqTWH2NDmXOdGfC3wWWOnZvK93ytI6yq/LkgsCjDudWNmN7MlfPvJb2zoLMnkzhjxNwLsLw==",
      "dev": true
    },
    "node_modules/core-util-is": {
      "version": "1.0.3",
      "license": "MIT"
    },
    "node_modules/hono": {
      "version": "2.7.8",
      "license": "MIT",
      "engines": {
        "node": ">=16.0.0"
      }
    },
    "node_modules/inherits": {
      "version": "2.0.4",
      "license": "ISC"
    },
    "node_modules/isarray": {
      "version": "1.0.0",
      "license": "MIT"
    },
    "node_modules/mysql": {
      "version": "2.18.1",
      "license": "MIT",
      "dependencies": {
        "bignumber.js": "9.0.0",
        "readable-stream": "2.3.7",
        "safe-buffer": "5.1.2",
        "sqlstring": "2.3.1"
      },
      "engines": {
        "node": ">= 0.6"
      }
    },
    "node_modules/process-nextick-args": {
      "version": "2.0.1",
      "license": "MIT"
    },
    "node_modules/readable-stream": {
      "version": "2.3.7",
      "license": "MIT",
      "dependencies": {
        "core-util-is": "~1.0.0",
        "inherits": "~2.0.3",
        "isarray": "~1.0.0",
        "process-nextick-args": "~2.0.0",
        "safe-buffer": "~5.1.1",
        "string_decoder": "~1.1.1",
        "util-deprecate": "~1.0.1"
      }
    },
    "node_modules/safe-buffer": {
      "version": "5.1.2",
      "license": "MIT"
    },
    "node_modules/sqlstring": {
      "version": "2.3.1",
      "license": "MIT",
      "engines": {
        "node": ">= 0.6"
      }
    },
    "node_modules/string_decoder": {
      "version": "1.1.1",
      "license": "MIT",
      "dependencies": {
        "safe-buffer": "~5.1.0"
      }
    },
    "node_modules/util-deprecate": {
      "version": "1.0.2",
      "license": "MIT"
    }
  }
}
